
Microsoft Visual Studio Solution File, Format Version 12.00
# Visual Studio Version 16
VisualStudioVersion = 16.0.31729.503
MinimumVisualStudioVersion = 10.0.40219.1
Project("{8BC9CEB8-8B4A-11D0-8D11-00A0C91BC942}") = "MASM", "MASM\MASM.vcxproj", "{C68F0125-32F5-4F79-968A-D00144D54D4B}"
EndProject
Project("{8BC9CEB8-8B4A-11D0-8D11-00A0C91BC942}") = "Exchange", "..\Exchange\Exchange.vcxproj", "{AA87B8BB-D3E0-4EE8-A0C3-0A1C6F974A23}"
EndProject
Project("{8BC9CEB8-8B4A-11D0-8D11-00A0C91BC942}") = "Array", "..\Array\Array.vcxproj", "{C779DA8F-4FE4-420C-AE61-6E8132B9149E}"
EndProject
Project("{8BC9CEB8-8B4A-11D0-8D11-00A0C91BC942}") = "HelloWorld", "..\HelloWorld\HelloWorld.vcxproj", "{96FCFF38-4020-4526-8FB3-6F94FFE69798}"
EndProject
Project("{8BC9CEB8-8B4A-11D0-8D11-00A0C91BC942}") = "PrintAlphabet", "..\PrintAlphabet\PrintAlphabet.vcxproj", "{E215FA01-6094-4580-8181-0AC8E7E16A96}"
EndProject
Project("{8BC9CEB8-8B4A-11D0-8D11-00A0C91BC942}") = "Project2", "..\Project2\Project2.vcxproj", "{1F801891-31E5-4FB1-A5B9-BDCC42961B21}"
EndProject
Project("{8BC9CEB8-8B4A-11D0-8D11-00A0C91BC942}") = "Fibonacci", "Fibonacci\Fibonacci.vcxproj", "{B860D05B-95C0-4690-B3C6-A9EE8E4270C4}"
EndProject
Global
	GlobalSection(SolutionConfigurationPlatforms) = preSolution
		Debug|x64 = Debug|x64
		Debug|x86 = Debug|x86
		Release|x64 = Release|x64
		Release|x86 = Release|x86
	EndGlobalSection
	GlobalSection(ProjectConfigurationPlatforms) = postSolution
		{C68F0125-32F5-4F79-968A-D00144D54D4B}.Debug|x64.ActiveCfg = Debug|x64
		{C68F0125-32F5-4F79-968A-D00144D54D4B}.Debug|x64.Build.0 = Debug|x64
		{C68F0125-32F5-4F79-968A-D00144D54D4B}.Debug|x86.ActiveCfg = Debug|Win32
		{C68F0125-32F5-4F79-968A-D00144D54D4B}.Debug|x86.Build.0 = Debug|Win32
		{C68F0125-32F5-4F79-968A-D00144D54D4B}.Release|x64.ActiveCfg = Release|x64
		{C68F0125-32F5-4F79-968A-D00144D54D4B}.Release|x64.Build.0 = Release|x64
		{C68F0125-32F5-4F79-968A-D00144D54D4B}.Release|x86.ActiveCfg = Release|Win32
		{C68F0125-32F5-4F79-968A-D00144D54D4B}.Release|x86.Build.0 = Release|Win32
		{AA87B8BB-D3E0-4EE8-A0C3-0A1C6F974A23}.Debug|x64.ActiveCfg = Debug|x64
		{AA87B8BB-D3E0-4EE8-A0C3-0A1C6F974A23}.Debug|x64.Build.0 = Debug|x64
		{AA87B8BB-D3E0-4EE8-A0C3-0A1C6F974A23}.Debug|x86.ActiveCfg = Debug|Win32
		{AA87B8BB-D3E0-4EE8-A0C3-0A1C6F974A23}.Debug|x86.Build.0 = Debug|Win32
		{AA87B8BB-D3E0-4EE8-A0C3-0A1C6F974A23}.Release|x64.ActiveCfg = Release|x64
		{AA87B8BB-D3E0-4EE8-A0C3-0A1C6F974A23}.Release|x64.Build.0 = Release|x64
		{AA87B8BB-D3E0-4EE8-A0C3-0A1C6F974A23}.Release|x86.ActiveCfg = Release|Win32
		{AA87B8BB-D3E0-4EE8-A0C3-0A1C6F974A23}.Release|x86.Build.0 = Release|Win32
		{C779DA8F-4FE4-420C-AE61-6E8132B9149E}.Debug|x64.ActiveCfg = Debug|x64
		{C779DA8F-4FE4-420C-AE61-6E8132B9149E}.Debug|x64.Build.0 = Debug|x64
		{C779DA8F-4FE4-420C-AE61-6E8132B9149E}.Debug|x86.ActiveCfg = Debug|Win32
		{C779DA8F-4FE4-420C-AE61-6E8132B9149E}.Debug|x86.Build.0 = Debug|Win32
		{C779DA8F-4FE4-420C-AE61-6E8132B9149E}.Release|x64.ActiveCfg = Release|x64
		{C779DA8F-4FE4-420C-AE61-6E8132B9149E}.Release|x64.Build.0 = Release|x64
		{C779DA8F-4FE4-420C-AE61-6E8132B9149E}.Release|x86.ActiveCfg = Release|Win32
		{C779DA8F-4FE4-420C-AE61-6E8132B9149E}.Release|x86.Build.0 = Release|Win32
		{96FCFF38-4020-4526-8FB3-6F94FFE69798}.Debug|x64.ActiveCfg = Debug|x64
		{96FCFF38-4020-4526-8FB3-6F94FFE69798}.Debug|x64.Build.0 = Debug|x64
		{96FCFF38-4020-4526-8FB3-6F94FFE69798}.Debug|x86.ActiveCfg = Debug|Win32
		{96FCFF38-4020-4526-8FB3-6F94FFE69798}.Debug|x86.Build.0 = Debug|Win32
		{96FCFF38-4020-4526-8FB3-6F94FFE69798}.Release|x64.ActiveCfg = Release|x64
		{96FCFF38-4020-4526-8FB3-6F94FFE69798}.Release|x64.Build.0 = Release|x64
		{96FCFF38-4020-4526-8FB3-6F94FFE69798}.Release|x86.ActiveCfg = Release|Win32
		{96FCFF38-4020-4526-8FB3-6F94FFE69798}.Release|x86.Build.0 = Release|Win32
		{E215FA01-6094-4580-8181-0AC8E7E16A96}.Debug|x64.ActiveCfg = Debug|x64
		{E215FA01-6094-4580-8181-0AC8E7E16A96}.Debug|x64.Build.0 = Debug|x64
		{E215FA01-6094-4580-8181-0AC8E7E16A96}.Debug|x86.ActiveCfg = Debug|Win32
		{E215FA01-6094-4580-8181-0AC8E7E16A96}.Debug|x86.Build.0 = Debug|Win32
		{E215FA01-6094-4580-8181-0AC8E7E16A96}.Release|x64.ActiveCfg = Release|x64
		{E215FA01-6094-4580-8181-0AC8E7E16A96}.Release|x64.Build.0 = Release|x64
		{E215FA01-6094-4580-8181-0AC8E7E16A96}.Release|x86.ActiveCfg = Release|Win32
		{E215FA01-6094-4580-8181-0AC8E7E16A96}.Release|x86.Build.0 = Release|Win32
		{1F801891-31E5-4FB1-A5B9-BDCC42961B21}.Debug|x64.ActiveCfg = Debug|x64
		{1F801891-31E5-4FB1-A5B9-BDCC42961B21}.Debug|x64.Build.0 = Debug|x64
		{1F801891-31E5-4FB1-A5B9-BDCC42961B21}.Debug|x86.ActiveCfg = Debug|Win32
		{1F801891-31E5-4FB1-A5B9-BDCC42961B21}.Debug|x86.Build.0 = Debug|Win32
		{1F801891-31E5-4FB1-A5B9-BDCC42961B21}.Release|x64.ActiveCfg = Release|x64
		{1F801891-31E5-4FB1-A5B9-BDCC42961B21}.Release|x64.Build.0 = Release|x64
		{1F801891-31E5-4FB1-A5B9-BDCC42961B21}.Release|x86.ActiveCfg = Release|Win32
		{1F801891-31E5-4FB1-A5B9-BDCC42961B21}.Release|x86.Build.0 = Release|Win32
		{B860D05B-95C0-4690-B3C6-A9EE8E4270C4}.Debug|x64.ActiveCfg = Debug|x64
		{B860D05B-95C0-4690-B3C6-A9EE8E4270C4}.Debug|x64.Build.0 = Debug|x64
		{B860D05B-95C0-4690-B3C6-A9EE8E4270C4}.Debug|x86.ActiveCfg = Debug|Win32
		{B860D05B-95C0-4690-B3C6-A9EE8E4270C4}.Debug|x86.Build.0 = Debug|Win32
		{B860D05B-95C0-4690-B3C6-A9EE8E4270C4}.Release|x64.ActiveCfg = Release|x64
		{B860D05B-95C0-4690-B3C6-A9EE8E4270C4}.Release|x64.Build.0 = Release|x64
		{B860D05B-95C0-4690-B3C6-A9EE8E4270C4}.Release|x86.ActiveCfg = Release|Win32
		{B860D05B-95C0-4690-B3C6-A9EE8E4270C4}.Release|x86.Build.0 = Release|Win32
	EndGlobalSection
	GlobalSection(SolutionProperties) = preSolution
		HideSolutionNode = FALSE
	EndGlobalSection
	GlobalSection(ExtensibilityGlobals) = postSolution
		SolutionGuid = {75758224-94C0-4766-8026-EFDF3BD537EF}
	EndGlobalSection
EndGlobal
