
Microsoft Visual Studio Solution File, Format Version 12.00
# Visual Studio Version 16
VisualStudioVersion = 16.0.31729.503
MinimumVisualStudioVersion = 10.0.40219.1
Project("{8BC9CEB8-8B4A-11D0-8D11-00A0C91BC942}") = "MASM", "MASM\MASM.vcxproj", "{C68F0125-32F5-4F79-968A-D00144D54D4B}"
EndProject
Project("{8BC9CEB8-8B4A-11D0-8D11-00A0C91BC942}") = "Exchange", "..\Exchange\Exchange.vcxproj", "{AA87B8BB-D3E0-4EE8-A0C3-0A1C6F974A23}"
EndProject
Global
	GlobalSection(SolutionConfigurationPlatforms) = preSolution
		Debug|x64 = Debug|x64
		Debug|x86 = Debug|x86
		Release|x64 = Release|x64
		Release|x86 = Release|x86
	EndGlobalSection
	GlobalSection(ProjectConfigurationPlatforms) = postSolution
		{C68F0125-32F5-4F79-968A-D00144D54D4B}.Debug|x64.ActiveCfg = Debug|x64
		{C68F0125-32F5-4F79-968A-D00144D54D4B}.Debug|x64.Build.0 = Debug|x64
		{C68F0125-32F5-4F79-968A-D00144D54D4B}.Debug|x86.ActiveCfg = Debug|Win32
		{C68F0125-32F5-4F79-968A-D00144D54D4B}.Debug|x86.Build.0 = Debug|Win32
		{C68F0125-32F5-4F79-968A-D00144D54D4B}.Release|x64.ActiveCfg = Release|x64
		{C68F0125-32F5-4F79-968A-D00144D54D4B}.Release|x64.Build.0 = Release|x64
		{C68F0125-32F5-4F79-968A-D00144D54D4B}.Release|x86.ActiveCfg = Release|Win32
		{C68F0125-32F5-4F79-968A-D00144D54D4B}.Release|x86.Build.0 = Release|Win32
		{AA87B8BB-D3E0-4EE8-A0C3-0A1C6F974A23}.Debug|x64.ActiveCfg = Debug|x64
		{AA87B8BB-D3E0-4EE8-A0C3-0A1C6F974A23}.Debug|x64.Build.0 = Debug|x64
		{AA87B8BB-D3E0-4EE8-A0C3-0A1C6F974A23}.Debug|x86.ActiveCfg = Debug|Win32
		{AA87B8BB-D3E0-4EE8-A0C3-0A1C6F974A23}.Debug|x86.Build.0 = Debug|Win32
		{AA87B8BB-D3E0-4EE8-A0C3-0A1C6F974A23}.Release|x64.ActiveCfg = Release|x64
		{AA87B8BB-D3E0-4EE8-A0C3-0A1C6F974A23}.Release|x64.Build.0 = Release|x64
		{AA87B8BB-D3E0-4EE8-A0C3-0A1C6F974A23}.Release|x86.ActiveCfg = Release|Win32
		{AA87B8BB-D3E0-4EE8-A0C3-0A1C6F974A23}.Release|x86.Build.0 = Release|Win32
	EndGlobalSection
	GlobalSection(SolutionProperties) = preSolution
		HideSolutionNode = FALSE
	EndGlobalSection
	GlobalSection(ExtensibilityGlobals) = postSolution
		SolutionGuid = {75758224-94C0-4766-8026-EFDF3BD537EF}
	EndGlobalSection
EndGlobal
